
Microsoft Visual Studio Solution File, Format Version 12.00
# Visual Studio Version 17
VisualStudioVersion = 17.1.32210.238
MinimumVisualStudioVersion = 10.0.40219.1
Project("{9A19103F-16F7-4668-BE54-9A1E7A4F7556}") = "ClipItch.API", "ClipItch.API\ClipItch.API.csproj", "{ECE13057-34DB-4D63-BF51-06EA16D73D08}"
EndProject
Global
	GlobalSection(SolutionConfigurationPlatforms) = preSolution
		Debug|Any CPU = Debug|Any CPU
		Release|Any CPU = Release|Any CPU
	EndGlobalSection
	GlobalSection(ProjectConfigurationPlatforms) = postSolution
		{ECE13057-34DB-4D63-BF51-06EA16D73D08}.Debug|Any CPU.ActiveCfg = Debug|Any CPU
		{ECE13057-34DB-4D63-BF51-06EA16D73D08}.Debug|Any CPU.Build.0 = Debug|Any CPU
		{ECE13057-34DB-4D63-BF51-06EA16D73D08}.Release|Any CPU.ActiveCfg = Release|Any CPU
		{ECE13057-34DB-4D63-BF51-06EA16D73D08}.Release|Any CPU.Build.0 = Release|Any CPU
	EndGlobalSection
	GlobalSection(SolutionProperties) = preSolution
		HideSolutionNode = FALSE
	EndGlobalSection
	GlobalSection(ExtensibilityGlobals) = postSolution
		SolutionGuid = {7ED4444E-0B15-42EF-825A-0E4033C90F25}
	EndGlobalSection
EndGlobal
